
Microsoft Visual Studio Solution File, Format Version 12.00
# Visual Studio Version 17
VisualStudioVersion = 17.13.35818.85
MinimumVisualStudioVersion = 10.0.40219.1
Project("{FAE04EC0-301F-11D3-BF4B-00C04F79EFBC}") = "PRA-Vaje", "PRA-Vaje\PRA-Vaje.csproj", "{91147765-1EFF-4AE1-A845-438A8DB6A085}"
EndProject
Project("{FAE04EC0-301F-11D3-BF4B-00C04F79EFBC}") = "PRA-Vaje3", "PRA-Vaje3\PRA-Vaje3.csproj", "{DB2E5E36-65E8-49BC-ADDE-8F785D74AAA5}"
EndProject
Project("{FAE04EC0-301F-11D3-BF4B-00C04F79EFBC}") = "PRA-Vaje2", "PRA-Vaje2\PRA-Vaje2.csproj", "{10117A7D-0A28-E553-488C-A040A914F105}"
EndProject
Project("{FAE04EC0-301F-11D3-BF4B-00C04F79EFBC}") = "PRA-Vaje4", "PRA-Vaje4\PRA-Vaje4.csproj", "{4155A74A-E9DC-493C-BF02-FB9BE5999B7F}"
EndProject
Project("{FAE04EC0-301F-11D3-BF4B-00C04F79EFBC}") = "Sudoku", "Sudoku\Sudoku.csproj", "{3359BC63-5D13-4ED2-959C-1ECC01865096}"
EndProject
Global
	GlobalSection(SolutionConfigurationPlatforms) = preSolution
		Debug|Any CPU = Debug|Any CPU
		Release|Any CPU = Release|Any CPU
	EndGlobalSection
	GlobalSection(ProjectConfigurationPlatforms) = postSolution
		{91147765-1EFF-4AE1-A845-438A8DB6A085}.Debug|Any CPU.ActiveCfg = Debug|Any CPU
		{91147765-1EFF-4AE1-A845-438A8DB6A085}.Debug|Any CPU.Build.0 = Debug|Any CPU
		{91147765-1EFF-4AE1-A845-438A8DB6A085}.Release|Any CPU.ActiveCfg = Release|Any CPU
		{91147765-1EFF-4AE1-A845-438A8DB6A085}.Release|Any CPU.Build.0 = Release|Any CPU
		{DB2E5E36-65E8-49BC-ADDE-8F785D74AAA5}.Debug|Any CPU.ActiveCfg = Debug|Any CPU
		{DB2E5E36-65E8-49BC-ADDE-8F785D74AAA5}.Debug|Any CPU.Build.0 = Debug|Any CPU
		{DB2E5E36-65E8-49BC-ADDE-8F785D74AAA5}.Release|Any CPU.ActiveCfg = Release|Any CPU
		{DB2E5E36-65E8-49BC-ADDE-8F785D74AAA5}.Release|Any CPU.Build.0 = Release|Any CPU
		{10117A7D-0A28-E553-488C-A040A914F105}.Debug|Any CPU.ActiveCfg = Debug|Any CPU
		{10117A7D-0A28-E553-488C-A040A914F105}.Debug|Any CPU.Build.0 = Debug|Any CPU
		{10117A7D-0A28-E553-488C-A040A914F105}.Release|Any CPU.ActiveCfg = Release|Any CPU
		{10117A7D-0A28-E553-488C-A040A914F105}.Release|Any CPU.Build.0 = Release|Any CPU
		{4155A74A-E9DC-493C-BF02-FB9BE5999B7F}.Debug|Any CPU.ActiveCfg = Debug|Any CPU
		{4155A74A-E9DC-493C-BF02-FB9BE5999B7F}.Debug|Any CPU.Build.0 = Debug|Any CPU
		{4155A74A-E9DC-493C-BF02-FB9BE5999B7F}.Release|Any CPU.ActiveCfg = Release|Any CPU
		{4155A74A-E9DC-493C-BF02-FB9BE5999B7F}.Release|Any CPU.Build.0 = Release|Any CPU
		{3359BC63-5D13-4ED2-959C-1ECC01865096}.Debug|Any CPU.ActiveCfg = Debug|Any CPU
		{3359BC63-5D13-4ED2-959C-1ECC01865096}.Debug|Any CPU.Build.0 = Debug|Any CPU
		{3359BC63-5D13-4ED2-959C-1ECC01865096}.Release|Any CPU.ActiveCfg = Release|Any CPU
		{3359BC63-5D13-4ED2-959C-1ECC01865096}.Release|Any CPU.Build.0 = Release|Any CPU
	EndGlobalSection
	GlobalSection(SolutionProperties) = preSolution
		HideSolutionNode = FALSE
	EndGlobalSection
	GlobalSection(ExtensibilityGlobals) = postSolution
		SolutionGuid = {27BB13FC-0AFF-4391-A6CD-269DA7E7600F}
	EndGlobalSection
EndGlobal
